
Microsoft Visual Studio Solution File, Format Version 12.00
# Visual Studio 15
VisualStudioVersion = 15.0.27428.2027
MinimumVisualStudioVersion = 10.0.40219.1
Project("{FAE04EC0-301F-11D3-BF4B-00C04F79EFBC}") = "ConAppMinKivalRend", "ConAppMinKivalRend\ConAppMinKivalRend.csproj", "{C5FF7FD3-DF1A-419A-80B0-6BD7B24A5BEF}"
EndProject
Global
	GlobalSection(SolutionConfigurationPlatforms) = preSolution
		Debug|Any CPU = Debug|Any CPU
		Release|Any CPU = Release|Any CPU
	EndGlobalSection
	GlobalSection(ProjectConfigurationPlatforms) = postSolution
		{C5FF7FD3-DF1A-419A-80B0-6BD7B24A5BEF}.Debug|Any CPU.ActiveCfg = Debug|Any CPU
		{C5FF7FD3-DF1A-419A-80B0-6BD7B24A5BEF}.Debug|Any CPU.Build.0 = Debug|Any CPU
		{C5FF7FD3-DF1A-419A-80B0-6BD7B24A5BEF}.Release|Any CPU.ActiveCfg = Release|Any CPU
		{C5FF7FD3-DF1A-419A-80B0-6BD7B24A5BEF}.Release|Any CPU.Build.0 = Release|Any CPU
	EndGlobalSection
	GlobalSection(SolutionProperties) = preSolution
		HideSolutionNode = FALSE
	EndGlobalSection
	GlobalSection(ExtensibilityGlobals) = postSolution
		SolutionGuid = {D2BEBB52-5997-4258-9957-FD78FAB4A84A}
	EndGlobalSection
EndGlobal
